{
  "originHash" : "18bbbaa47c24d88e1d32540f35aedf6e1bd14398eb435a331199a9d3995e4e24",
  "pins" : [
    {
      "identity" : "executorch",
      "kind" : "remoteSourceControl",
      "location" : "https://github.com/pytorch/executorch",
      "state" : {
        "branch" : "swiftpm-1.3.0",
        "revision" : "7357074f2b786fbe8b162fd190212c930f24e204"
      }
    }
  ],
  "version" : 3
}
